
Microsoft Visual Studio Solution File, Format Version 12.00
# Visual Studio 15
Project("{FAE04EC0-301F-11D3-BF4B-00C04F79EFBC}") = "Terra Incognito", "Terra Incognito.csproj", "{B7B21DE6-A48B-8A32-AC9F-1E478FF40A6F}"
EndProject
Project("{FAE04EC0-301F-11D3-BF4B-00C04F79EFBC}") = "Terra Incognito.Editor", "Terra Incognito.Editor.csproj", "{70F4B54D-C637-F5A1-F40A-3AD164AAFDE0}"
EndProject
Global
	GlobalSection(SolutionConfigurationPlatforms) = preSolution
		Debug|Any CPU = Debug|Any CPU
		Release|Any CPU = Release|Any CPU
	EndGlobalSection
	GlobalSection(ProjectConfigurationPlatforms) = postSolution
		{B7B21DE6-A48B-8A32-AC9F-1E478FF40A6F}.Debug|Any CPU.ActiveCfg = Debug|Any CPU
		{B7B21DE6-A48B-8A32-AC9F-1E478FF40A6F}.Debug|Any CPU.Build.0 = Debug|Any CPU
		{B7B21DE6-A48B-8A32-AC9F-1E478FF40A6F}.Release|Any CPU.ActiveCfg = Release|Any CPU
		{B7B21DE6-A48B-8A32-AC9F-1E478FF40A6F}.Release|Any CPU.Build.0 = Release|Any CPU
		{70F4B54D-C637-F5A1-F40A-3AD164AAFDE0}.Debug|Any CPU.ActiveCfg = Debug|Any CPU
		{70F4B54D-C637-F5A1-F40A-3AD164AAFDE0}.Debug|Any CPU.Build.0 = Debug|Any CPU
		{70F4B54D-C637-F5A1-F40A-3AD164AAFDE0}.Release|Any CPU.ActiveCfg = Release|Any CPU
		{70F4B54D-C637-F5A1-F40A-3AD164AAFDE0}.Release|Any CPU.Build.0 = Release|Any CPU
	EndGlobalSection
	GlobalSection(SolutionProperties) = preSolution
		HideSolutionNode = FALSE
	EndGlobalSection
EndGlobal
